
Microsoft Visual Studio Solution File, Format Version 12.00
# Visual Studio Version 17
VisualStudioVersion = 17.0.32014.148
MinimumVisualStudioVersion = 10.0.40219.1
Project("{FAE04EC0-301F-11D3-BF4B-00C04F79EFBC}") = "Dating.Web.API", "src\Dating.Web.API\Dating.Web.API.csproj", "{FC5129B2-96EA-4FC1-994F-3326AAA9879E}"
EndProject
Project("{2150E333-8FDC-42A3-9474-1A3956D46DE8}") = "API", "API", "{4AE3D2AC-AD96-4D47-8B20-690C39D669CC}"
EndProject
Project("{2150E333-8FDC-42A3-9474-1A3956D46DE8}") = "Core", "Core", "{5BAE291B-868E-472C-89C8-DED4D43C0243}"
EndProject
Project("{FAE04EC0-301F-11D3-BF4B-00C04F79EFBC}") = "Dating.Domain", "src\Dating.Domain\Dating.Domain.csproj", "{8F97FC58-D846-43BD-9EC7-B26B76935C37}"
EndProject
Project("{FAE04EC0-301F-11D3-BF4B-00C04F79EFBC}") = "Dating.Application", "src\Dating.Application\Dating.Application.csproj", "{A7E5758F-C936-4393-80D2-70A494CD7220}"
EndProject
Project("{2150E333-8FDC-42A3-9474-1A3956D46DE8}") = "Infraestructure", "Infraestructure", "{5E03E18F-3DCF-43F2-9CC0-7C6F5070081F}"
EndProject
Project("{FAE04EC0-301F-11D3-BF4B-00C04F79EFBC}") = "Dating.Persistance", "src\Dating.Persistance\Dating.Persistance.csproj", "{B642C5A8-2251-473A-96CF-5CE37A9C67EE}"
EndProject
Global
	GlobalSection(SolutionConfigurationPlatforms) = preSolution
		Debug|Any CPU = Debug|Any CPU
		Release|Any CPU = Release|Any CPU
	EndGlobalSection
	GlobalSection(ProjectConfigurationPlatforms) = postSolution
		{FC5129B2-96EA-4FC1-994F-3326AAA9879E}.Debug|Any CPU.ActiveCfg = Debug|Any CPU
		{FC5129B2-96EA-4FC1-994F-3326AAA9879E}.Debug|Any CPU.Build.0 = Debug|Any CPU
		{FC5129B2-96EA-4FC1-994F-3326AAA9879E}.Release|Any CPU.ActiveCfg = Release|Any CPU
		{FC5129B2-96EA-4FC1-994F-3326AAA9879E}.Release|Any CPU.Build.0 = Release|Any CPU
		{8F97FC58-D846-43BD-9EC7-B26B76935C37}.Debug|Any CPU.ActiveCfg = Debug|Any CPU
		{8F97FC58-D846-43BD-9EC7-B26B76935C37}.Debug|Any CPU.Build.0 = Debug|Any CPU
		{8F97FC58-D846-43BD-9EC7-B26B76935C37}.Release|Any CPU.ActiveCfg = Release|Any CPU
		{8F97FC58-D846-43BD-9EC7-B26B76935C37}.Release|Any CPU.Build.0 = Release|Any CPU
		{A7E5758F-C936-4393-80D2-70A494CD7220}.Debug|Any CPU.ActiveCfg = Debug|Any CPU
		{A7E5758F-C936-4393-80D2-70A494CD7220}.Debug|Any CPU.Build.0 = Debug|Any CPU
		{A7E5758F-C936-4393-80D2-70A494CD7220}.Release|Any CPU.ActiveCfg = Release|Any CPU
		{A7E5758F-C936-4393-80D2-70A494CD7220}.Release|Any CPU.Build.0 = Release|Any CPU
		{B642C5A8-2251-473A-96CF-5CE37A9C67EE}.Debug|Any CPU.ActiveCfg = Debug|Any CPU
		{B642C5A8-2251-473A-96CF-5CE37A9C67EE}.Debug|Any CPU.Build.0 = Debug|Any CPU
		{B642C5A8-2251-473A-96CF-5CE37A9C67EE}.Release|Any CPU.ActiveCfg = Release|Any CPU
		{B642C5A8-2251-473A-96CF-5CE37A9C67EE}.Release|Any CPU.Build.0 = Release|Any CPU
	EndGlobalSection
	GlobalSection(SolutionProperties) = preSolution
		HideSolutionNode = FALSE
	EndGlobalSection
	GlobalSection(NestedProjects) = preSolution
		{FC5129B2-96EA-4FC1-994F-3326AAA9879E} = {4AE3D2AC-AD96-4D47-8B20-690C39D669CC}
		{8F97FC58-D846-43BD-9EC7-B26B76935C37} = {5BAE291B-868E-472C-89C8-DED4D43C0243}
		{A7E5758F-C936-4393-80D2-70A494CD7220} = {5BAE291B-868E-472C-89C8-DED4D43C0243}
		{B642C5A8-2251-473A-96CF-5CE37A9C67EE} = {5E03E18F-3DCF-43F2-9CC0-7C6F5070081F}
	EndGlobalSection
	GlobalSection(ExtensibilityGlobals) = postSolution
		SolutionGuid = {13AC5761-C543-4D3B-AC69-569112D5F13F}
	EndGlobalSection
EndGlobal
